
Microsoft Visual Studio Solution File, Format Version 12.00
# Visual Studio Version 17
VisualStudioVersion = 17.7.34024.191
MinimumVisualStudioVersion = 10.0.40219.1
Project("{FAE04EC0-301F-11D3-BF4B-00C04F79EFBC}") = "Entidades-Clases", "Entidades-Clases\Entidades-Clases.csproj", "{1C6044B5-C781-46F6-B667-C5E1D7628F3B}"
EndProject
Project("{FAE04EC0-301F-11D3-BF4B-00C04F79EFBC}") = "Vista", "Vista\Vista.csproj", "{D1A8D94D-E08F-478C-85E5-19AA082997CC}"
EndProject
Global
	GlobalSection(SolutionConfigurationPlatforms) = preSolution
		Debug|Any CPU = Debug|Any CPU
		Release|Any CPU = Release|Any CPU
	EndGlobalSection
	GlobalSection(ProjectConfigurationPlatforms) = postSolution
		{1C6044B5-C781-46F6-B667-C5E1D7628F3B}.Debug|Any CPU.ActiveCfg = Debug|Any CPU
		{1C6044B5-C781-46F6-B667-C5E1D7628F3B}.Debug|Any CPU.Build.0 = Debug|Any CPU
		{1C6044B5-C781-46F6-B667-C5E1D7628F3B}.Release|Any CPU.ActiveCfg = Release|Any CPU
		{1C6044B5-C781-46F6-B667-C5E1D7628F3B}.Release|Any CPU.Build.0 = Release|Any CPU
		{D1A8D94D-E08F-478C-85E5-19AA082997CC}.Debug|Any CPU.ActiveCfg = Debug|Any CPU
		{D1A8D94D-E08F-478C-85E5-19AA082997CC}.Debug|Any CPU.Build.0 = Debug|Any CPU
		{D1A8D94D-E08F-478C-85E5-19AA082997CC}.Release|Any CPU.ActiveCfg = Release|Any CPU
		{D1A8D94D-E08F-478C-85E5-19AA082997CC}.Release|Any CPU.Build.0 = Release|Any CPU
	EndGlobalSection
	GlobalSection(SolutionProperties) = preSolution
		HideSolutionNode = FALSE
	EndGlobalSection
	GlobalSection(ExtensibilityGlobals) = postSolution
		SolutionGuid = {F90B8621-B482-48AA-9ADA-F21A99597202}
	EndGlobalSection
EndGlobal
